
Microsoft Visual Studio Solution File, Format Version 12.00
# Visual Studio 15
Project("{FAE04EC0-301F-11D3-BF4B-00C04F79EFBC}") = "MerryYellow.CodeAssist.Editor", "MerryYellow.CodeAssist.Editor.csproj", "{FE713968-245D-8495-B8AD-B47572B4EEB8}"
EndProject
Project("{FAE04EC0-301F-11D3-BF4B-00C04F79EFBC}") = "Assembly-CSharp", "Assembly-CSharp.csproj", "{E771257E-0312-8575-1C5A-8C45415A7023}"
EndProject
Global
	GlobalSection(SolutionConfigurationPlatforms) = preSolution
		Debug|Any CPU = Debug|Any CPU
		Release|Any CPU = Release|Any CPU
	EndGlobalSection
	GlobalSection(ProjectConfigurationPlatforms) = postSolution
		{FE713968-245D-8495-B8AD-B47572B4EEB8}.Debug|Any CPU.ActiveCfg = Debug|Any CPU
		{FE713968-245D-8495-B8AD-B47572B4EEB8}.Debug|Any CPU.Build.0 = Debug|Any CPU
		{FE713968-245D-8495-B8AD-B47572B4EEB8}.Release|Any CPU.ActiveCfg = Release|Any CPU
		{FE713968-245D-8495-B8AD-B47572B4EEB8}.Release|Any CPU.Build.0 = Release|Any CPU
		{E771257E-0312-8575-1C5A-8C45415A7023}.Debug|Any CPU.ActiveCfg = Debug|Any CPU
		{E771257E-0312-8575-1C5A-8C45415A7023}.Debug|Any CPU.Build.0 = Debug|Any CPU
		{E771257E-0312-8575-1C5A-8C45415A7023}.Release|Any CPU.ActiveCfg = Release|Any CPU
		{E771257E-0312-8575-1C5A-8C45415A7023}.Release|Any CPU.Build.0 = Release|Any CPU
	EndGlobalSection
	GlobalSection(SolutionProperties) = preSolution
		HideSolutionNode = FALSE
	EndGlobalSection
EndGlobal
